
Microsoft Visual Studio Solution File, Format Version 12.00
# Visual Studio Version 16
VisualStudioVersion = 16.0.32228.343
MinimumVisualStudioVersion = 10.0.40219.1
Project("{FAE04EC0-301F-11D3-BF4B-00C04F79EFBC}") = "Entidades", "Entidades\Entidades.csproj", "{5FF4A0FE-DFC6-4F03-AC41-D9173793D3EE}"
EndProject
Project("{FAE04EC0-301F-11D3-BF4B-00C04F79EFBC}") = "Consola", "Consola\Consola.csproj", "{1F4F756B-B09F-4281-BB34-D8178855C1EE}"
EndProject
Global
	GlobalSection(SolutionConfigurationPlatforms) = preSolution
		Debug|Any CPU = Debug|Any CPU
		Release|Any CPU = Release|Any CPU
	EndGlobalSection
	GlobalSection(ProjectConfigurationPlatforms) = postSolution
		{5FF4A0FE-DFC6-4F03-AC41-D9173793D3EE}.Debug|Any CPU.ActiveCfg = Debug|Any CPU
		{5FF4A0FE-DFC6-4F03-AC41-D9173793D3EE}.Debug|Any CPU.Build.0 = Debug|Any CPU
		{5FF4A0FE-DFC6-4F03-AC41-D9173793D3EE}.Release|Any CPU.ActiveCfg = Release|Any CPU
		{5FF4A0FE-DFC6-4F03-AC41-D9173793D3EE}.Release|Any CPU.Build.0 = Release|Any CPU
		{1F4F756B-B09F-4281-BB34-D8178855C1EE}.Debug|Any CPU.ActiveCfg = Debug|Any CPU
		{1F4F756B-B09F-4281-BB34-D8178855C1EE}.Debug|Any CPU.Build.0 = Debug|Any CPU
		{1F4F756B-B09F-4281-BB34-D8178855C1EE}.Release|Any CPU.ActiveCfg = Release|Any CPU
		{1F4F756B-B09F-4281-BB34-D8178855C1EE}.Release|Any CPU.Build.0 = Release|Any CPU
	EndGlobalSection
	GlobalSection(SolutionProperties) = preSolution
		HideSolutionNode = FALSE
	EndGlobalSection
	GlobalSection(ExtensibilityGlobals) = postSolution
		SolutionGuid = {F76DE2FC-719D-47C7-BF37-BAD72CB4EF66}
	EndGlobalSection
EndGlobal
