
Microsoft Visual Studio Solution File, Format Version 12.00
# Visual Studio Version 16
VisualStudioVersion = 16.0.32228.343
MinimumVisualStudioVersion = 10.0.40219.1
Project("{FAE04EC0-301F-11D3-BF4B-00C04F79EFBC}") = "Consola", "Consola\Consola.csproj", "{50D6A7B8-5A5B-468D-880C-1435B65A8F3E}"
EndProject
Project("{FAE04EC0-301F-11D3-BF4B-00C04F79EFBC}") = "Biblioteca", "Biblioteca\Biblioteca.csproj", "{58A08CDD-130D-4DA2-945A-78CA0BA3FF82}"
EndProject
Global
	GlobalSection(SolutionConfigurationPlatforms) = preSolution
		Debug|Any CPU = Debug|Any CPU
		Release|Any CPU = Release|Any CPU
	EndGlobalSection
	GlobalSection(ProjectConfigurationPlatforms) = postSolution
		{50D6A7B8-5A5B-468D-880C-1435B65A8F3E}.Debug|Any CPU.ActiveCfg = Debug|Any CPU
		{50D6A7B8-5A5B-468D-880C-1435B65A8F3E}.Debug|Any CPU.Build.0 = Debug|Any CPU
		{50D6A7B8-5A5B-468D-880C-1435B65A8F3E}.Release|Any CPU.ActiveCfg = Release|Any CPU
		{50D6A7B8-5A5B-468D-880C-1435B65A8F3E}.Release|Any CPU.Build.0 = Release|Any CPU
		{58A08CDD-130D-4DA2-945A-78CA0BA3FF82}.Debug|Any CPU.ActiveCfg = Debug|Any CPU
		{58A08CDD-130D-4DA2-945A-78CA0BA3FF82}.Debug|Any CPU.Build.0 = Debug|Any CPU
		{58A08CDD-130D-4DA2-945A-78CA0BA3FF82}.Release|Any CPU.ActiveCfg = Release|Any CPU
		{58A08CDD-130D-4DA2-945A-78CA0BA3FF82}.Release|Any CPU.Build.0 = Release|Any CPU
	EndGlobalSection
	GlobalSection(SolutionProperties) = preSolution
		HideSolutionNode = FALSE
	EndGlobalSection
	GlobalSection(ExtensibilityGlobals) = postSolution
		SolutionGuid = {4C3BB30A-75D6-40E3-86FE-015CFB97B6DB}
	EndGlobalSection
EndGlobal
