
Microsoft Visual Studio Solution File, Format Version 12.00
# Visual Studio Version 16
VisualStudioVersion = 16.0.32228.343
MinimumVisualStudioVersion = 10.0.40219.1
Project("{FAE04EC0-301F-11D3-BF4B-00C04F79EFBC}") = "Vista", "Vista\Vista.csproj", "{0B675AB5-9DF1-4AB4-9692-595F392A3E1A}"
EndProject
Global
	GlobalSection(SolutionConfigurationPlatforms) = preSolution
		Debug|Any CPU = Debug|Any CPU
		Release|Any CPU = Release|Any CPU
	EndGlobalSection
	GlobalSection(ProjectConfigurationPlatforms) = postSolution
		{0B675AB5-9DF1-4AB4-9692-595F392A3E1A}.Debug|Any CPU.ActiveCfg = Debug|Any CPU
		{0B675AB5-9DF1-4AB4-9692-595F392A3E1A}.Debug|Any CPU.Build.0 = Debug|Any CPU
		{0B675AB5-9DF1-4AB4-9692-595F392A3E1A}.Release|Any CPU.ActiveCfg = Release|Any CPU
		{0B675AB5-9DF1-4AB4-9692-595F392A3E1A}.Release|Any CPU.Build.0 = Release|Any CPU
	EndGlobalSection
	GlobalSection(SolutionProperties) = preSolution
		HideSolutionNode = FALSE
	EndGlobalSection
	GlobalSection(ExtensibilityGlobals) = postSolution
		SolutionGuid = {31EAA47D-6BAE-4416-9DF1-04432B492F8D}
	EndGlobalSection
EndGlobal
