
Microsoft Visual Studio Solution File, Format Version 12.00
# Visual Studio Version 16
VisualStudioVersion = 16.0.32228.343
MinimumVisualStudioVersion = 10.0.40219.1
Project("{FAE04EC0-301F-11D3-BF4B-00C04F79EFBC}") = "Entidades", "Entidades\Entidades.csproj", "{6B18FB00-B01C-4B21-8CB8-2EFF9516953A}"
EndProject
Project("{FAE04EC0-301F-11D3-BF4B-00C04F79EFBC}") = "AdventureWorksUI", "AdventureWorksUI\AdventureWorksUI.csproj", "{3487F18E-E3FD-477A-8165-6E41C1210E5D}"
EndProject
Global
	GlobalSection(SolutionConfigurationPlatforms) = preSolution
		Debug|Any CPU = Debug|Any CPU
		Release|Any CPU = Release|Any CPU
	EndGlobalSection
	GlobalSection(ProjectConfigurationPlatforms) = postSolution
		{6B18FB00-B01C-4B21-8CB8-2EFF9516953A}.Debug|Any CPU.ActiveCfg = Debug|Any CPU
		{6B18FB00-B01C-4B21-8CB8-2EFF9516953A}.Debug|Any CPU.Build.0 = Debug|Any CPU
		{6B18FB00-B01C-4B21-8CB8-2EFF9516953A}.Release|Any CPU.ActiveCfg = Release|Any CPU
		{6B18FB00-B01C-4B21-8CB8-2EFF9516953A}.Release|Any CPU.Build.0 = Release|Any CPU
		{3487F18E-E3FD-477A-8165-6E41C1210E5D}.Debug|Any CPU.ActiveCfg = Debug|Any CPU
		{3487F18E-E3FD-477A-8165-6E41C1210E5D}.Debug|Any CPU.Build.0 = Debug|Any CPU
		{3487F18E-E3FD-477A-8165-6E41C1210E5D}.Release|Any CPU.ActiveCfg = Release|Any CPU
		{3487F18E-E3FD-477A-8165-6E41C1210E5D}.Release|Any CPU.Build.0 = Release|Any CPU
	EndGlobalSection
	GlobalSection(SolutionProperties) = preSolution
		HideSolutionNode = FALSE
	EndGlobalSection
	GlobalSection(ExtensibilityGlobals) = postSolution
		SolutionGuid = {7F792F95-BCB7-461D-97B1-E1DA648F86E8}
	EndGlobalSection
EndGlobal
