
Microsoft Visual Studio Solution File, Format Version 12.00
# Visual Studio Version 16
VisualStudioVersion = 16.0.32228.343
MinimumVisualStudioVersion = 10.0.40219.1
Project("{FAE04EC0-301F-11D3-BF4B-00C04F79EFBC}") = "Consola", "Consola\Consola.csproj", "{6A30C7BA-EB55-4F51-B676-3C9A61C1C92E}"
EndProject
Global
	GlobalSection(SolutionConfigurationPlatforms) = preSolution
		Debug|Any CPU = Debug|Any CPU
		Release|Any CPU = Release|Any CPU
	EndGlobalSection
	GlobalSection(ProjectConfigurationPlatforms) = postSolution
		{6A30C7BA-EB55-4F51-B676-3C9A61C1C92E}.Debug|Any CPU.ActiveCfg = Debug|Any CPU
		{6A30C7BA-EB55-4F51-B676-3C9A61C1C92E}.Debug|Any CPU.Build.0 = Debug|Any CPU
		{6A30C7BA-EB55-4F51-B676-3C9A61C1C92E}.Release|Any CPU.ActiveCfg = Release|Any CPU
		{6A30C7BA-EB55-4F51-B676-3C9A61C1C92E}.Release|Any CPU.Build.0 = Release|Any CPU
	EndGlobalSection
	GlobalSection(SolutionProperties) = preSolution
		HideSolutionNode = FALSE
	EndGlobalSection
	GlobalSection(ExtensibilityGlobals) = postSolution
		SolutionGuid = {B381CA7D-AD78-4E40-A709-EF70223C88BF}
	EndGlobalSection
EndGlobal
