
Microsoft Visual Studio Solution File, Format Version 12.00
# Visual Studio Version 16
VisualStudioVersion = 16.0.32228.343
MinimumVisualStudioVersion = 10.0.40219.1
Project("{FAE04EC0-301F-11D3-BF4B-00C04F79EFBC}") = "Entidades", "Entidades\Entidades.csproj", "{213DD378-3982-49D1-9931-6627FFC86F1E}"
EndProject
Project("{FAE04EC0-301F-11D3-BF4B-00C04F79EFBC}") = "PlantasApp", "PlantasApp\PlantasApp.csproj", "{01E568B5-B4EB-423B-B19E-8FA273FFAD11}"
EndProject
Global
	GlobalSection(SolutionConfigurationPlatforms) = preSolution
		Debug|Any CPU = Debug|Any CPU
		Release|Any CPU = Release|Any CPU
	EndGlobalSection
	GlobalSection(ProjectConfigurationPlatforms) = postSolution
		{213DD378-3982-49D1-9931-6627FFC86F1E}.Debug|Any CPU.ActiveCfg = Debug|Any CPU
		{213DD378-3982-49D1-9931-6627FFC86F1E}.Debug|Any CPU.Build.0 = Debug|Any CPU
		{213DD378-3982-49D1-9931-6627FFC86F1E}.Release|Any CPU.ActiveCfg = Release|Any CPU
		{213DD378-3982-49D1-9931-6627FFC86F1E}.Release|Any CPU.Build.0 = Release|Any CPU
		{01E568B5-B4EB-423B-B19E-8FA273FFAD11}.Debug|Any CPU.ActiveCfg = Debug|Any CPU
		{01E568B5-B4EB-423B-B19E-8FA273FFAD11}.Debug|Any CPU.Build.0 = Debug|Any CPU
		{01E568B5-B4EB-423B-B19E-8FA273FFAD11}.Release|Any CPU.ActiveCfg = Release|Any CPU
		{01E568B5-B4EB-423B-B19E-8FA273FFAD11}.Release|Any CPU.Build.0 = Release|Any CPU
	EndGlobalSection
	GlobalSection(SolutionProperties) = preSolution
		HideSolutionNode = FALSE
	EndGlobalSection
	GlobalSection(ExtensibilityGlobals) = postSolution
		SolutionGuid = {05659258-88CA-469D-B728-431EF0F2E3E5}
	EndGlobalSection
EndGlobal
