
Microsoft Visual Studio Solution File, Format Version 12.00
# Visual Studio Version 16
VisualStudioVersion = 16.0.31624.102
MinimumVisualStudioVersion = 10.0.40219.1
Project("{FAE04EC0-301F-11D3-BF4B-00C04F79EFBC}") = "ConsoleAppTask1", "ConsoleAppTask1\ConsoleAppTask1.csproj", "{4A5976C4-68E4-4169-817E-EA089BA6DAEC}"
EndProject
Project("{FAE04EC0-301F-11D3-BF4B-00C04F79EFBC}") = "ConsoleAppTask2", "ConsoleAppTask2\ConsoleAppTask2.csproj", "{D69ADC38-C82F-430F-9B5A-9BC97AA960D7}"
EndProject
Project("{FAE04EC0-301F-11D3-BF4B-00C04F79EFBC}") = "ConsoleAppTask3", "ConsoleAppTask3\ConsoleAppTask3.csproj", "{B38150E6-1EE2-4C26-B42B-12AD62350B4A}"
EndProject
Project("{FAE04EC0-301F-11D3-BF4B-00C04F79EFBC}") = "ConsoleAppTask4", "ConsoleAppTask4\ConsoleAppTask4.csproj", "{947AAF21-EB59-4D04-A17E-0F82142E37FF}"
EndProject
Project("{FAE04EC0-301F-11D3-BF4B-00C04F79EFBC}") = "WinFormsAppTask1", "WinFormsAppTask1\WinFormsAppTask1.csproj", "{D23AFC4D-79BA-4093-8D9D-AEFD8815A45A}"
EndProject
Project("{FAE04EC0-301F-11D3-BF4B-00C04F79EFBC}") = "WinFormsAppTask2", "WinFormsAppTask2\WinFormsAppTask2.csproj", "{1AA5D13B-19E3-42E8-A435-D9ECC7EC5E36}"
EndProject
Global
	GlobalSection(SolutionConfigurationPlatforms) = preSolution
		Debug|Any CPU = Debug|Any CPU
		Release|Any CPU = Release|Any CPU
	EndGlobalSection
	GlobalSection(ProjectConfigurationPlatforms) = postSolution
		{4A5976C4-68E4-4169-817E-EA089BA6DAEC}.Debug|Any CPU.ActiveCfg = Debug|Any CPU
		{4A5976C4-68E4-4169-817E-EA089BA6DAEC}.Debug|Any CPU.Build.0 = Debug|Any CPU
		{4A5976C4-68E4-4169-817E-EA089BA6DAEC}.Release|Any CPU.ActiveCfg = Release|Any CPU
		{4A5976C4-68E4-4169-817E-EA089BA6DAEC}.Release|Any CPU.Build.0 = Release|Any CPU
		{D69ADC38-C82F-430F-9B5A-9BC97AA960D7}.Debug|Any CPU.ActiveCfg = Debug|Any CPU
		{D69ADC38-C82F-430F-9B5A-9BC97AA960D7}.Debug|Any CPU.Build.0 = Debug|Any CPU
		{D69ADC38-C82F-430F-9B5A-9BC97AA960D7}.Release|Any CPU.ActiveCfg = Release|Any CPU
		{D69ADC38-C82F-430F-9B5A-9BC97AA960D7}.Release|Any CPU.Build.0 = Release|Any CPU
		{B38150E6-1EE2-4C26-B42B-12AD62350B4A}.Debug|Any CPU.ActiveCfg = Debug|Any CPU
		{B38150E6-1EE2-4C26-B42B-12AD62350B4A}.Debug|Any CPU.Build.0 = Debug|Any CPU
		{B38150E6-1EE2-4C26-B42B-12AD62350B4A}.Release|Any CPU.ActiveCfg = Release|Any CPU
		{B38150E6-1EE2-4C26-B42B-12AD62350B4A}.Release|Any CPU.Build.0 = Release|Any CPU
		{947AAF21-EB59-4D04-A17E-0F82142E37FF}.Debug|Any CPU.ActiveCfg = Debug|Any CPU
		{947AAF21-EB59-4D04-A17E-0F82142E37FF}.Debug|Any CPU.Build.0 = Debug|Any CPU
		{947AAF21-EB59-4D04-A17E-0F82142E37FF}.Release|Any CPU.ActiveCfg = Release|Any CPU
		{947AAF21-EB59-4D04-A17E-0F82142E37FF}.Release|Any CPU.Build.0 = Release|Any CPU
		{D23AFC4D-79BA-4093-8D9D-AEFD8815A45A}.Debug|Any CPU.ActiveCfg = Debug|Any CPU
		{D23AFC4D-79BA-4093-8D9D-AEFD8815A45A}.Debug|Any CPU.Build.0 = Debug|Any CPU
		{D23AFC4D-79BA-4093-8D9D-AEFD8815A45A}.Release|Any CPU.ActiveCfg = Release|Any CPU
		{D23AFC4D-79BA-4093-8D9D-AEFD8815A45A}.Release|Any CPU.Build.0 = Release|Any CPU
		{1AA5D13B-19E3-42E8-A435-D9ECC7EC5E36}.Debug|Any CPU.ActiveCfg = Debug|Any CPU
		{1AA5D13B-19E3-42E8-A435-D9ECC7EC5E36}.Debug|Any CPU.Build.0 = Debug|Any CPU
		{1AA5D13B-19E3-42E8-A435-D9ECC7EC5E36}.Release|Any CPU.ActiveCfg = Release|Any CPU
		{1AA5D13B-19E3-42E8-A435-D9ECC7EC5E36}.Release|Any CPU.Build.0 = Release|Any CPU
	EndGlobalSection
	GlobalSection(SolutionProperties) = preSolution
		HideSolutionNode = FALSE
	EndGlobalSection
	GlobalSection(ExtensibilityGlobals) = postSolution
		SolutionGuid = {3E57E4BA-BA58-45E8-B15E-D993BA96F256}
	EndGlobalSection
EndGlobal
