
Microsoft Visual Studio Solution File, Format Version 12.00
# Visual Studio Version 16
VisualStudioVersion = 16.0.32228.343
MinimumVisualStudioVersion = 10.0.40219.1
Project("{FAE04EC0-301F-11D3-BF4B-00C04F79EFBC}") = "Entidades", "Entidades\Entidades.csproj", "{663E6CF3-6DB0-4500-9A0B-6FE5A2A41AD2}"
EndProject
Project("{FAE04EC0-301F-11D3-BF4B-00C04F79EFBC}") = "Consola", "Consola\Consola.csproj", "{6F61F0B8-3C6A-481B-8224-85A36E066A53}"
EndProject
Global
	GlobalSection(SolutionConfigurationPlatforms) = preSolution
		Debug|Any CPU = Debug|Any CPU
		Release|Any CPU = Release|Any CPU
	EndGlobalSection
	GlobalSection(ProjectConfigurationPlatforms) = postSolution
		{663E6CF3-6DB0-4500-9A0B-6FE5A2A41AD2}.Debug|Any CPU.ActiveCfg = Debug|Any CPU
		{663E6CF3-6DB0-4500-9A0B-6FE5A2A41AD2}.Debug|Any CPU.Build.0 = Debug|Any CPU
		{663E6CF3-6DB0-4500-9A0B-6FE5A2A41AD2}.Release|Any CPU.ActiveCfg = Release|Any CPU
		{663E6CF3-6DB0-4500-9A0B-6FE5A2A41AD2}.Release|Any CPU.Build.0 = Release|Any CPU
		{6F61F0B8-3C6A-481B-8224-85A36E066A53}.Debug|Any CPU.ActiveCfg = Debug|Any CPU
		{6F61F0B8-3C6A-481B-8224-85A36E066A53}.Debug|Any CPU.Build.0 = Debug|Any CPU
		{6F61F0B8-3C6A-481B-8224-85A36E066A53}.Release|Any CPU.ActiveCfg = Release|Any CPU
		{6F61F0B8-3C6A-481B-8224-85A36E066A53}.Release|Any CPU.Build.0 = Release|Any CPU
	EndGlobalSection
	GlobalSection(SolutionProperties) = preSolution
		HideSolutionNode = FALSE
	EndGlobalSection
	GlobalSection(ExtensibilityGlobals) = postSolution
		SolutionGuid = {C120952F-2B86-4844-8278-24F34E477D58}
	EndGlobalSection
EndGlobal
