
Microsoft Visual Studio Solution File, Format Version 12.00
# Visual Studio Version 16
VisualStudioVersion = 16.0.31624.102
MinimumVisualStudioVersion = 10.0.40219.1
Project("{9A19103F-16F7-4668-BE54-9A1E7A4F7556}") = "RSP.LAB2.2021.finales2F", "RSP.LAB2.2021.finales2F\RSP.LAB2.2021.finales2F.csproj", "{4D34C126-74C4-431B-A1D7-52B6E49B03EF}"
EndProject
Project("{FAE04EC0-301F-11D3-BF4B-00C04F79EFBC}") = "Entidades", "Entidades\Entidades.csproj", "{06C3AC82-5E03-43FD-A05F-3C37C645B304}"
EndProject
Global
	GlobalSection(SolutionConfigurationPlatforms) = preSolution
		Debug|Any CPU = Debug|Any CPU
		Release|Any CPU = Release|Any CPU
	EndGlobalSection
	GlobalSection(ProjectConfigurationPlatforms) = postSolution
		{4D34C126-74C4-431B-A1D7-52B6E49B03EF}.Debug|Any CPU.ActiveCfg = Debug|Any CPU
		{4D34C126-74C4-431B-A1D7-52B6E49B03EF}.Debug|Any CPU.Build.0 = Debug|Any CPU
		{4D34C126-74C4-431B-A1D7-52B6E49B03EF}.Release|Any CPU.ActiveCfg = Release|Any CPU
		{4D34C126-74C4-431B-A1D7-52B6E49B03EF}.Release|Any CPU.Build.0 = Release|Any CPU
		{06C3AC82-5E03-43FD-A05F-3C37C645B304}.Debug|Any CPU.ActiveCfg = Debug|Any CPU
		{06C3AC82-5E03-43FD-A05F-3C37C645B304}.Debug|Any CPU.Build.0 = Debug|Any CPU
		{06C3AC82-5E03-43FD-A05F-3C37C645B304}.Release|Any CPU.ActiveCfg = Release|Any CPU
		{06C3AC82-5E03-43FD-A05F-3C37C645B304}.Release|Any CPU.Build.0 = Release|Any CPU
	EndGlobalSection
	GlobalSection(SolutionProperties) = preSolution
		HideSolutionNode = FALSE
	EndGlobalSection
	GlobalSection(ExtensibilityGlobals) = postSolution
		SolutionGuid = {DE610F19-36F4-46EA-AC9F-0041AFEFB796}
	EndGlobalSection
EndGlobal
