
Microsoft Visual Studio Solution File, Format Version 12.00
# Visual Studio Version 16
VisualStudioVersion = 16.0.32228.343
MinimumVisualStudioVersion = 10.0.40219.1
Project("{FAE04EC0-301F-11D3-BF4B-00C04F79EFBC}") = "Biblioteca", "Biblioteca\Biblioteca.csproj", "{7E3A6E39-72F1-4620-9B69-3FCAE254FC72}"
EndProject
Project("{FAE04EC0-301F-11D3-BF4B-00C04F79EFBC}") = "Consola", "Consola\Consola.csproj", "{96E73465-7BF2-4BFD-A064-F8108CFE361F}"
EndProject
Global
	GlobalSection(SolutionConfigurationPlatforms) = preSolution
		Debug|Any CPU = Debug|Any CPU
		Release|Any CPU = Release|Any CPU
	EndGlobalSection
	GlobalSection(ProjectConfigurationPlatforms) = postSolution
		{7E3A6E39-72F1-4620-9B69-3FCAE254FC72}.Debug|Any CPU.ActiveCfg = Debug|Any CPU
		{7E3A6E39-72F1-4620-9B69-3FCAE254FC72}.Debug|Any CPU.Build.0 = Debug|Any CPU
		{7E3A6E39-72F1-4620-9B69-3FCAE254FC72}.Release|Any CPU.ActiveCfg = Release|Any CPU
		{7E3A6E39-72F1-4620-9B69-3FCAE254FC72}.Release|Any CPU.Build.0 = Release|Any CPU
		{96E73465-7BF2-4BFD-A064-F8108CFE361F}.Debug|Any CPU.ActiveCfg = Debug|Any CPU
		{96E73465-7BF2-4BFD-A064-F8108CFE361F}.Debug|Any CPU.Build.0 = Debug|Any CPU
		{96E73465-7BF2-4BFD-A064-F8108CFE361F}.Release|Any CPU.ActiveCfg = Release|Any CPU
		{96E73465-7BF2-4BFD-A064-F8108CFE361F}.Release|Any CPU.Build.0 = Release|Any CPU
	EndGlobalSection
	GlobalSection(SolutionProperties) = preSolution
		HideSolutionNode = FALSE
	EndGlobalSection
	GlobalSection(ExtensibilityGlobals) = postSolution
		SolutionGuid = {21BB078B-A15A-4F64-9CA4-E20668D6C290}
	EndGlobalSection
EndGlobal
