
Microsoft Visual Studio Solution File, Format Version 12.00
# Visual Studio Version 16
VisualStudioVersion = 16.0.31624.102
MinimumVisualStudioVersion = 10.0.40219.1
Project("{FAE04EC0-301F-11D3-BF4B-00C04F79EFBC}") = "Arrays", "Arrays\Arrays.csproj", "{433B6EC9-F044-41BB-9438-FBCFB7D31422}"
EndProject
Project("{FAE04EC0-301F-11D3-BF4B-00C04F79EFBC}") = "Colecciones", "Colecciones\Colecciones.csproj", "{91483A85-ECE8-4CAA-838C-1840BCA9A7A9}"
EndProject
Global
	GlobalSection(SolutionConfigurationPlatforms) = preSolution
		Debug|Any CPU = Debug|Any CPU
		Release|Any CPU = Release|Any CPU
	EndGlobalSection
	GlobalSection(ProjectConfigurationPlatforms) = postSolution
		{433B6EC9-F044-41BB-9438-FBCFB7D31422}.Debug|Any CPU.ActiveCfg = Debug|Any CPU
		{433B6EC9-F044-41BB-9438-FBCFB7D31422}.Debug|Any CPU.Build.0 = Debug|Any CPU
		{433B6EC9-F044-41BB-9438-FBCFB7D31422}.Release|Any CPU.ActiveCfg = Release|Any CPU
		{433B6EC9-F044-41BB-9438-FBCFB7D31422}.Release|Any CPU.Build.0 = Release|Any CPU
		{91483A85-ECE8-4CAA-838C-1840BCA9A7A9}.Debug|Any CPU.ActiveCfg = Debug|Any CPU
		{91483A85-ECE8-4CAA-838C-1840BCA9A7A9}.Debug|Any CPU.Build.0 = Debug|Any CPU
		{91483A85-ECE8-4CAA-838C-1840BCA9A7A9}.Release|Any CPU.ActiveCfg = Release|Any CPU
		{91483A85-ECE8-4CAA-838C-1840BCA9A7A9}.Release|Any CPU.Build.0 = Release|Any CPU
	EndGlobalSection
	GlobalSection(SolutionProperties) = preSolution
		HideSolutionNode = FALSE
	EndGlobalSection
	GlobalSection(ExtensibilityGlobals) = postSolution
		SolutionGuid = {1386ABDF-E8A4-4F68-BD79-055A62606005}
	EndGlobalSection
EndGlobal
