
Microsoft Visual Studio Solution File, Format Version 12.00
# Visual Studio Version 16
VisualStudioVersion = 16.0.32228.343
MinimumVisualStudioVersion = 10.0.40219.1
Project("{FAE04EC0-301F-11D3-BF4B-00C04F79EFBC}") = "Biblioteca", "Biblioteca\Biblioteca.csproj", "{9FDA4FAF-62A3-49B8-A89A-AE20A05678E4}"
EndProject
Project("{FAE04EC0-301F-11D3-BF4B-00C04F79EFBC}") = "Consola", "Consola\Consola.csproj", "{6A7F5186-82FC-4963-A046-8FF23E8FD8EC}"
EndProject
Global
	GlobalSection(SolutionConfigurationPlatforms) = preSolution
		Debug|Any CPU = Debug|Any CPU
		Release|Any CPU = Release|Any CPU
	EndGlobalSection
	GlobalSection(ProjectConfigurationPlatforms) = postSolution
		{9FDA4FAF-62A3-49B8-A89A-AE20A05678E4}.Debug|Any CPU.ActiveCfg = Debug|Any CPU
		{9FDA4FAF-62A3-49B8-A89A-AE20A05678E4}.Debug|Any CPU.Build.0 = Debug|Any CPU
		{9FDA4FAF-62A3-49B8-A89A-AE20A05678E4}.Release|Any CPU.ActiveCfg = Release|Any CPU
		{9FDA4FAF-62A3-49B8-A89A-AE20A05678E4}.Release|Any CPU.Build.0 = Release|Any CPU
		{6A7F5186-82FC-4963-A046-8FF23E8FD8EC}.Debug|Any CPU.ActiveCfg = Debug|Any CPU
		{6A7F5186-82FC-4963-A046-8FF23E8FD8EC}.Debug|Any CPU.Build.0 = Debug|Any CPU
		{6A7F5186-82FC-4963-A046-8FF23E8FD8EC}.Release|Any CPU.ActiveCfg = Release|Any CPU
		{6A7F5186-82FC-4963-A046-8FF23E8FD8EC}.Release|Any CPU.Build.0 = Release|Any CPU
	EndGlobalSection
	GlobalSection(SolutionProperties) = preSolution
		HideSolutionNode = FALSE
	EndGlobalSection
	GlobalSection(ExtensibilityGlobals) = postSolution
		SolutionGuid = {52277326-5522-468B-9D02-7A3CDF3B1BF5}
	EndGlobalSection
EndGlobal
