
Microsoft Visual Studio Solution File, Format Version 12.00
# Visual Studio Version 16
VisualStudioVersion = 16.0.32228.343
MinimumVisualStudioVersion = 10.0.40219.1
Project("{FAE04EC0-301F-11D3-BF4B-00C04F79EFBC}") = "Consola", "Consola\Consola.csproj", "{298DA388-DD82-422E-A3FC-249F83A3CD52}"
EndProject
Project("{FAE04EC0-301F-11D3-BF4B-00C04F79EFBC}") = "Biblioteca", "Cuenta\Biblioteca.csproj", "{9E999688-B117-48BF-B574-39E5E02CDC11}"
EndProject
Global
	GlobalSection(SolutionConfigurationPlatforms) = preSolution
		Debug|Any CPU = Debug|Any CPU
		Release|Any CPU = Release|Any CPU
	EndGlobalSection
	GlobalSection(ProjectConfigurationPlatforms) = postSolution
		{298DA388-DD82-422E-A3FC-249F83A3CD52}.Debug|Any CPU.ActiveCfg = Debug|Any CPU
		{298DA388-DD82-422E-A3FC-249F83A3CD52}.Debug|Any CPU.Build.0 = Debug|Any CPU
		{298DA388-DD82-422E-A3FC-249F83A3CD52}.Release|Any CPU.ActiveCfg = Release|Any CPU
		{298DA388-DD82-422E-A3FC-249F83A3CD52}.Release|Any CPU.Build.0 = Release|Any CPU
		{9E999688-B117-48BF-B574-39E5E02CDC11}.Debug|Any CPU.ActiveCfg = Debug|Any CPU
		{9E999688-B117-48BF-B574-39E5E02CDC11}.Debug|Any CPU.Build.0 = Debug|Any CPU
		{9E999688-B117-48BF-B574-39E5E02CDC11}.Release|Any CPU.ActiveCfg = Release|Any CPU
		{9E999688-B117-48BF-B574-39E5E02CDC11}.Release|Any CPU.Build.0 = Release|Any CPU
	EndGlobalSection
	GlobalSection(SolutionProperties) = preSolution
		HideSolutionNode = FALSE
	EndGlobalSection
	GlobalSection(ExtensibilityGlobals) = postSolution
		SolutionGuid = {A1DA2014-AFA7-434A-B8B4-D24CBC2E4224}
	EndGlobalSection
EndGlobal
