
Microsoft Visual Studio Solution File, Format Version 12.00
# Visual Studio Version 16
VisualStudioVersion = 16.0.32510.428
MinimumVisualStudioVersion = 10.0.40219.1
Project("{9A19103F-16F7-4668-BE54-9A1E7A4F7556}") = "SP.LABII.WinFormsApp", "SP.LABII.WinFormsApp\SP.LABII.WinFormsApp.csproj", "{CB0770CB-2117-4595-B8B3-6CA222B32364}"
EndProject
Project("{FAE04EC0-301F-11D3-BF4B-00C04F79EFBC}") = "EntidadesSP", "EntidadesSP\EntidadesSP.csproj", "{3FA38F51-033F-45B5-B510-8951525A9794}"
EndProject
Global
	GlobalSection(SolutionConfigurationPlatforms) = preSolution
		Debug|Any CPU = Debug|Any CPU
		Release|Any CPU = Release|Any CPU
	EndGlobalSection
	GlobalSection(ProjectConfigurationPlatforms) = postSolution
		{CB0770CB-2117-4595-B8B3-6CA222B32364}.Debug|Any CPU.ActiveCfg = Debug|Any CPU
		{CB0770CB-2117-4595-B8B3-6CA222B32364}.Debug|Any CPU.Build.0 = Debug|Any CPU
		{CB0770CB-2117-4595-B8B3-6CA222B32364}.Release|Any CPU.ActiveCfg = Release|Any CPU
		{CB0770CB-2117-4595-B8B3-6CA222B32364}.Release|Any CPU.Build.0 = Release|Any CPU
		{3FA38F51-033F-45B5-B510-8951525A9794}.Debug|Any CPU.ActiveCfg = Debug|Any CPU
		{3FA38F51-033F-45B5-B510-8951525A9794}.Debug|Any CPU.Build.0 = Debug|Any CPU
		{3FA38F51-033F-45B5-B510-8951525A9794}.Release|Any CPU.ActiveCfg = Release|Any CPU
		{3FA38F51-033F-45B5-B510-8951525A9794}.Release|Any CPU.Build.0 = Release|Any CPU
	EndGlobalSection
	GlobalSection(SolutionProperties) = preSolution
		HideSolutionNode = FALSE
	EndGlobalSection
	GlobalSection(ExtensibilityGlobals) = postSolution
		SolutionGuid = {EC8FA43C-BCAA-4377-821A-3B94B1816068}
	EndGlobalSection
EndGlobal
