
Microsoft Visual Studio Solution File, Format Version 12.00
# Visual Studio Version 16
VisualStudioVersion = 16.0.31624.102
MinimumVisualStudioVersion = 10.0.40219.1
Project("{FAE04EC0-301F-11D3-BF4B-00C04F79EFBC}") = "Vista", "Vista\Vista.csproj", "{8524623A-1671-4C00-9652-6C537A750429}"
EndProject
Project("{FAE04EC0-301F-11D3-BF4B-00C04F79EFBC}") = "Biblioteca", "Biblioteca\Biblioteca.csproj", "{FABFC7E3-A8BE-4EF6-884C-F27EEC4E30B8}"
EndProject
Global
	GlobalSection(SolutionConfigurationPlatforms) = preSolution
		Debug|Any CPU = Debug|Any CPU
		Release|Any CPU = Release|Any CPU
	EndGlobalSection
	GlobalSection(ProjectConfigurationPlatforms) = postSolution
		{8524623A-1671-4C00-9652-6C537A750429}.Debug|Any CPU.ActiveCfg = Debug|Any CPU
		{8524623A-1671-4C00-9652-6C537A750429}.Debug|Any CPU.Build.0 = Debug|Any CPU
		{8524623A-1671-4C00-9652-6C537A750429}.Release|Any CPU.ActiveCfg = Release|Any CPU
		{8524623A-1671-4C00-9652-6C537A750429}.Release|Any CPU.Build.0 = Release|Any CPU
		{FABFC7E3-A8BE-4EF6-884C-F27EEC4E30B8}.Debug|Any CPU.ActiveCfg = Debug|Any CPU
		{FABFC7E3-A8BE-4EF6-884C-F27EEC4E30B8}.Debug|Any CPU.Build.0 = Debug|Any CPU
		{FABFC7E3-A8BE-4EF6-884C-F27EEC4E30B8}.Release|Any CPU.ActiveCfg = Release|Any CPU
		{FABFC7E3-A8BE-4EF6-884C-F27EEC4E30B8}.Release|Any CPU.Build.0 = Release|Any CPU
	EndGlobalSection
	GlobalSection(SolutionProperties) = preSolution
		HideSolutionNode = FALSE
	EndGlobalSection
	GlobalSection(ExtensibilityGlobals) = postSolution
		SolutionGuid = {56ABA7EF-E5FB-4E5E-8D5C-83C5EF1751BA}
	EndGlobalSection
EndGlobal
