
Microsoft Visual Studio Solution File, Format Version 12.00
# Visual Studio Version 16
VisualStudioVersion = 16.0.32228.343
MinimumVisualStudioVersion = 10.0.40219.1
Project("{FAE04EC0-301F-11D3-BF4B-00C04F79EFBC}") = "Biblioteca", "Biblioteca\Biblioteca.csproj", "{C28CD0E4-85C6-4F72-BBE5-9679C5582036}"
EndProject
Project("{FAE04EC0-301F-11D3-BF4B-00C04F79EFBC}") = "Consola", "ConsoleApp1\Consola.csproj", "{848EE9A2-7169-4D37-AB37-5DF603729CDE}"
EndProject
Global
	GlobalSection(SolutionConfigurationPlatforms) = preSolution
		Debug|Any CPU = Debug|Any CPU
		Release|Any CPU = Release|Any CPU
	EndGlobalSection
	GlobalSection(ProjectConfigurationPlatforms) = postSolution
		{C28CD0E4-85C6-4F72-BBE5-9679C5582036}.Debug|Any CPU.ActiveCfg = Debug|Any CPU
		{C28CD0E4-85C6-4F72-BBE5-9679C5582036}.Debug|Any CPU.Build.0 = Debug|Any CPU
		{C28CD0E4-85C6-4F72-BBE5-9679C5582036}.Release|Any CPU.ActiveCfg = Release|Any CPU
		{C28CD0E4-85C6-4F72-BBE5-9679C5582036}.Release|Any CPU.Build.0 = Release|Any CPU
		{848EE9A2-7169-4D37-AB37-5DF603729CDE}.Debug|Any CPU.ActiveCfg = Debug|Any CPU
		{848EE9A2-7169-4D37-AB37-5DF603729CDE}.Debug|Any CPU.Build.0 = Debug|Any CPU
		{848EE9A2-7169-4D37-AB37-5DF603729CDE}.Release|Any CPU.ActiveCfg = Release|Any CPU
		{848EE9A2-7169-4D37-AB37-5DF603729CDE}.Release|Any CPU.Build.0 = Release|Any CPU
	EndGlobalSection
	GlobalSection(SolutionProperties) = preSolution
		HideSolutionNode = FALSE
	EndGlobalSection
	GlobalSection(ExtensibilityGlobals) = postSolution
		SolutionGuid = {1B6C0C53-24A1-48C1-B228-EA0AA0F43301}
	EndGlobalSection
EndGlobal
