
Microsoft Visual Studio Solution File, Format Version 12.00
# Visual Studio Version 16
VisualStudioVersion = 16.0.32228.343
MinimumVisualStudioVersion = 10.0.40219.1
Project("{FAE04EC0-301F-11D3-BF4B-00C04F79EFBC}") = "Entidades", "Entidades\Entidades.csproj", "{43C14F63-8D33-46B9-89E5-534E884B555A}"
EndProject
Project("{FAE04EC0-301F-11D3-BF4B-00C04F79EFBC}") = "Test", "Test\Test.csproj", "{45BF6F2A-0622-432C-90F1-0F1CDA3FA9AA}"
EndProject
Global
	GlobalSection(SolutionConfigurationPlatforms) = preSolution
		Debug|Any CPU = Debug|Any CPU
		Release|Any CPU = Release|Any CPU
	EndGlobalSection
	GlobalSection(ProjectConfigurationPlatforms) = postSolution
		{43C14F63-8D33-46B9-89E5-534E884B555A}.Debug|Any CPU.ActiveCfg = Debug|Any CPU
		{43C14F63-8D33-46B9-89E5-534E884B555A}.Debug|Any CPU.Build.0 = Debug|Any CPU
		{43C14F63-8D33-46B9-89E5-534E884B555A}.Release|Any CPU.ActiveCfg = Release|Any CPU
		{43C14F63-8D33-46B9-89E5-534E884B555A}.Release|Any CPU.Build.0 = Release|Any CPU
		{45BF6F2A-0622-432C-90F1-0F1CDA3FA9AA}.Debug|Any CPU.ActiveCfg = Debug|Any CPU
		{45BF6F2A-0622-432C-90F1-0F1CDA3FA9AA}.Debug|Any CPU.Build.0 = Debug|Any CPU
		{45BF6F2A-0622-432C-90F1-0F1CDA3FA9AA}.Release|Any CPU.ActiveCfg = Release|Any CPU
		{45BF6F2A-0622-432C-90F1-0F1CDA3FA9AA}.Release|Any CPU.Build.0 = Release|Any CPU
	EndGlobalSection
	GlobalSection(SolutionProperties) = preSolution
		HideSolutionNode = FALSE
	EndGlobalSection
	GlobalSection(ExtensibilityGlobals) = postSolution
		SolutionGuid = {537569A2-EB64-46AA-A601-2F12674FAC40}
	EndGlobalSection
EndGlobal
