
Microsoft Visual Studio Solution File, Format Version 12.00
# Visual Studio Version 16
VisualStudioVersion = 16.0.32228.343
MinimumVisualStudioVersion = 10.0.40219.1
Project("{9A19103F-16F7-4668-BE54-9A1E7A4F7556}") = "UI", "UI\UI.csproj", "{3C355B66-88DF-4A30-9B04-A583138D1D5A}"
EndProject
Project("{9A19103F-16F7-4668-BE54-9A1E7A4F7556}") = "Entidades", "Entidades\Entidades.csproj", "{86A216E8-7FF4-4C37-9346-1C8C239B0C0D}"
EndProject
Project("{FAE04EC0-301F-11D3-BF4B-00C04F79EFBC}") = "Vista", "Vista\Vista.csproj", "{ABDF3002-52BA-4AB9-8B86-368BD22CDBC2}"
EndProject
Global
	GlobalSection(SolutionConfigurationPlatforms) = preSolution
		Debug|Any CPU = Debug|Any CPU
		Release|Any CPU = Release|Any CPU
	EndGlobalSection
	GlobalSection(ProjectConfigurationPlatforms) = postSolution
		{3C355B66-88DF-4A30-9B04-A583138D1D5A}.Debug|Any CPU.ActiveCfg = Debug|Any CPU
		{3C355B66-88DF-4A30-9B04-A583138D1D5A}.Debug|Any CPU.Build.0 = Debug|Any CPU
		{3C355B66-88DF-4A30-9B04-A583138D1D5A}.Release|Any CPU.ActiveCfg = Release|Any CPU
		{3C355B66-88DF-4A30-9B04-A583138D1D5A}.Release|Any CPU.Build.0 = Release|Any CPU
		{86A216E8-7FF4-4C37-9346-1C8C239B0C0D}.Debug|Any CPU.ActiveCfg = Debug|Any CPU
		{86A216E8-7FF4-4C37-9346-1C8C239B0C0D}.Debug|Any CPU.Build.0 = Debug|Any CPU
		{86A216E8-7FF4-4C37-9346-1C8C239B0C0D}.Release|Any CPU.ActiveCfg = Release|Any CPU
		{86A216E8-7FF4-4C37-9346-1C8C239B0C0D}.Release|Any CPU.Build.0 = Release|Any CPU
		{ABDF3002-52BA-4AB9-8B86-368BD22CDBC2}.Debug|Any CPU.ActiveCfg = Debug|Any CPU
		{ABDF3002-52BA-4AB9-8B86-368BD22CDBC2}.Debug|Any CPU.Build.0 = Debug|Any CPU
		{ABDF3002-52BA-4AB9-8B86-368BD22CDBC2}.Release|Any CPU.ActiveCfg = Release|Any CPU
		{ABDF3002-52BA-4AB9-8B86-368BD22CDBC2}.Release|Any CPU.Build.0 = Release|Any CPU
	EndGlobalSection
	GlobalSection(SolutionProperties) = preSolution
		HideSolutionNode = FALSE
	EndGlobalSection
	GlobalSection(ExtensibilityGlobals) = postSolution
		SolutionGuid = {F53579C4-D605-45D4-88F8-36023882E4FB}
	EndGlobalSection
EndGlobal
