
Microsoft Visual Studio Solution File, Format Version 12.00
# Visual Studio Version 16
VisualStudioVersion = 16.0.32228.343
MinimumVisualStudioVersion = 10.0.40219.1
Project("{FAE04EC0-301F-11D3-BF4B-00C04F79EFBC}") = "Entidades", "Entidades\Entidades.csproj", "{42ECBA93-A572-4F54-B783-D007F00365BE}"
EndProject
Project("{FAE04EC0-301F-11D3-BF4B-00C04F79EFBC}") = "Consola", "Consola\Consola.csproj", "{A63B4495-A371-4155-AB3D-0F8CE51B119D}"
EndProject
Global
	GlobalSection(SolutionConfigurationPlatforms) = preSolution
		Debug|Any CPU = Debug|Any CPU
		Release|Any CPU = Release|Any CPU
	EndGlobalSection
	GlobalSection(ProjectConfigurationPlatforms) = postSolution
		{42ECBA93-A572-4F54-B783-D007F00365BE}.Debug|Any CPU.ActiveCfg = Debug|Any CPU
		{42ECBA93-A572-4F54-B783-D007F00365BE}.Debug|Any CPU.Build.0 = Debug|Any CPU
		{42ECBA93-A572-4F54-B783-D007F00365BE}.Release|Any CPU.ActiveCfg = Release|Any CPU
		{42ECBA93-A572-4F54-B783-D007F00365BE}.Release|Any CPU.Build.0 = Release|Any CPU
		{A63B4495-A371-4155-AB3D-0F8CE51B119D}.Debug|Any CPU.ActiveCfg = Debug|Any CPU
		{A63B4495-A371-4155-AB3D-0F8CE51B119D}.Debug|Any CPU.Build.0 = Debug|Any CPU
		{A63B4495-A371-4155-AB3D-0F8CE51B119D}.Release|Any CPU.ActiveCfg = Release|Any CPU
		{A63B4495-A371-4155-AB3D-0F8CE51B119D}.Release|Any CPU.Build.0 = Release|Any CPU
	EndGlobalSection
	GlobalSection(SolutionProperties) = preSolution
		HideSolutionNode = FALSE
	EndGlobalSection
	GlobalSection(ExtensibilityGlobals) = postSolution
		SolutionGuid = {1824A8D8-64D9-41E2-888A-42E72E41C3A4}
	EndGlobalSection
EndGlobal
