
Microsoft Visual Studio Solution File, Format Version 12.00
# Visual Studio Version 16
VisualStudioVersion = 16.0.32228.343
MinimumVisualStudioVersion = 10.0.40219.1
Project("{FAE04EC0-301F-11D3-BF4B-00C04F79EFBC}") = "Entidades", "Entidades\Entidades.csproj", "{EB7A0298-B9F6-4C3F-966F-D490D55A34F1}"
EndProject
Project("{FAE04EC0-301F-11D3-BF4B-00C04F79EFBC}") = "Consola", "Consola\Consola.csproj", "{905046F4-0853-40BD-BE79-15C760647A01}"
EndProject
Global
	GlobalSection(SolutionConfigurationPlatforms) = preSolution
		Debug|Any CPU = Debug|Any CPU
		Release|Any CPU = Release|Any CPU
	EndGlobalSection
	GlobalSection(ProjectConfigurationPlatforms) = postSolution
		{EB7A0298-B9F6-4C3F-966F-D490D55A34F1}.Debug|Any CPU.ActiveCfg = Debug|Any CPU
		{EB7A0298-B9F6-4C3F-966F-D490D55A34F1}.Debug|Any CPU.Build.0 = Debug|Any CPU
		{EB7A0298-B9F6-4C3F-966F-D490D55A34F1}.Release|Any CPU.ActiveCfg = Release|Any CPU
		{EB7A0298-B9F6-4C3F-966F-D490D55A34F1}.Release|Any CPU.Build.0 = Release|Any CPU
		{905046F4-0853-40BD-BE79-15C760647A01}.Debug|Any CPU.ActiveCfg = Debug|Any CPU
		{905046F4-0853-40BD-BE79-15C760647A01}.Debug|Any CPU.Build.0 = Debug|Any CPU
		{905046F4-0853-40BD-BE79-15C760647A01}.Release|Any CPU.ActiveCfg = Release|Any CPU
		{905046F4-0853-40BD-BE79-15C760647A01}.Release|Any CPU.Build.0 = Release|Any CPU
	EndGlobalSection
	GlobalSection(SolutionProperties) = preSolution
		HideSolutionNode = FALSE
	EndGlobalSection
	GlobalSection(ExtensibilityGlobals) = postSolution
		SolutionGuid = {8C355E8C-0170-4E71-87EC-61A9551F53B1}
	EndGlobalSection
EndGlobal
