
Microsoft Visual Studio Solution File, Format Version 12.00
# Visual Studio Version 16
VisualStudioVersion = 16.0.32228.343
MinimumVisualStudioVersion = 10.0.40219.1
Project("{FAE04EC0-301F-11D3-BF4B-00C04F79EFBC}") = "Consola", "Consola\Consola.csproj", "{94545D44-62D7-4583-9FCE-633771A4A36A}"
EndProject
Global
	GlobalSection(SolutionConfigurationPlatforms) = preSolution
		Debug|Any CPU = Debug|Any CPU
		Release|Any CPU = Release|Any CPU
	EndGlobalSection
	GlobalSection(ProjectConfigurationPlatforms) = postSolution
		{94545D44-62D7-4583-9FCE-633771A4A36A}.Debug|Any CPU.ActiveCfg = Debug|Any CPU
		{94545D44-62D7-4583-9FCE-633771A4A36A}.Debug|Any CPU.Build.0 = Debug|Any CPU
		{94545D44-62D7-4583-9FCE-633771A4A36A}.Release|Any CPU.ActiveCfg = Release|Any CPU
		{94545D44-62D7-4583-9FCE-633771A4A36A}.Release|Any CPU.Build.0 = Release|Any CPU
	EndGlobalSection
	GlobalSection(SolutionProperties) = preSolution
		HideSolutionNode = FALSE
	EndGlobalSection
	GlobalSection(ExtensibilityGlobals) = postSolution
		SolutionGuid = {88933BA1-7E1F-4E63-81B6-8C1785AB821A}
	EndGlobalSection
EndGlobal
