
Microsoft Visual Studio Solution File, Format Version 12.00
# Visual Studio Version 16
VisualStudioVersion = 16.0.32228.343
MinimumVisualStudioVersion = 10.0.40219.1
Project("{FAE04EC0-301F-11D3-BF4B-00C04F79EFBC}") = "ClaseWinForms", "ClaseWinForms\ClaseWinForms.csproj", "{65DD22A6-E74B-400F-A852-508A57B4673B}"
EndProject
Global
	GlobalSection(SolutionConfigurationPlatforms) = preSolution
		Debug|Any CPU = Debug|Any CPU
		Release|Any CPU = Release|Any CPU
	EndGlobalSection
	GlobalSection(ProjectConfigurationPlatforms) = postSolution
		{65DD22A6-E74B-400F-A852-508A57B4673B}.Debug|Any CPU.ActiveCfg = Debug|Any CPU
		{65DD22A6-E74B-400F-A852-508A57B4673B}.Debug|Any CPU.Build.0 = Debug|Any CPU
		{65DD22A6-E74B-400F-A852-508A57B4673B}.Release|Any CPU.ActiveCfg = Release|Any CPU
		{65DD22A6-E74B-400F-A852-508A57B4673B}.Release|Any CPU.Build.0 = Release|Any CPU
	EndGlobalSection
	GlobalSection(SolutionProperties) = preSolution
		HideSolutionNode = FALSE
	EndGlobalSection
	GlobalSection(ExtensibilityGlobals) = postSolution
		SolutionGuid = {513F9FE8-24AC-4EE1-B36B-7E13FD1EACB8}
	EndGlobalSection
EndGlobal
