
Microsoft Visual Studio Solution File, Format Version 12.00
# Visual Studio Version 16
VisualStudioVersion = 16.0.32228.343
MinimumVisualStudioVersion = 10.0.40219.1
Project("{FAE04EC0-301F-11D3-BF4B-00C04F79EFBC}") = "Consola", "Consola\Consola.csproj", "{84044DB4-7A85-4BA6-8CA4-C96904D73C72}"
EndProject
Project("{FAE04EC0-301F-11D3-BF4B-00C04F79EFBC}") = "Biblioteca", "Biblioteca\Biblioteca.csproj", "{0B01AE7C-950A-491D-9BFE-9A3AF58CF419}"
EndProject
Global
	GlobalSection(SolutionConfigurationPlatforms) = preSolution
		Debug|Any CPU = Debug|Any CPU
		Release|Any CPU = Release|Any CPU
	EndGlobalSection
	GlobalSection(ProjectConfigurationPlatforms) = postSolution
		{84044DB4-7A85-4BA6-8CA4-C96904D73C72}.Debug|Any CPU.ActiveCfg = Debug|Any CPU
		{84044DB4-7A85-4BA6-8CA4-C96904D73C72}.Debug|Any CPU.Build.0 = Debug|Any CPU
		{84044DB4-7A85-4BA6-8CA4-C96904D73C72}.Release|Any CPU.ActiveCfg = Release|Any CPU
		{84044DB4-7A85-4BA6-8CA4-C96904D73C72}.Release|Any CPU.Build.0 = Release|Any CPU
		{0B01AE7C-950A-491D-9BFE-9A3AF58CF419}.Debug|Any CPU.ActiveCfg = Debug|Any CPU
		{0B01AE7C-950A-491D-9BFE-9A3AF58CF419}.Debug|Any CPU.Build.0 = Debug|Any CPU
		{0B01AE7C-950A-491D-9BFE-9A3AF58CF419}.Release|Any CPU.ActiveCfg = Release|Any CPU
		{0B01AE7C-950A-491D-9BFE-9A3AF58CF419}.Release|Any CPU.Build.0 = Release|Any CPU
	EndGlobalSection
	GlobalSection(SolutionProperties) = preSolution
		HideSolutionNode = FALSE
	EndGlobalSection
	GlobalSection(ExtensibilityGlobals) = postSolution
		SolutionGuid = {A805F173-D34C-4ECE-B37C-F6D776560EB5}
	EndGlobalSection
EndGlobal
