
Microsoft Visual Studio Solution File, Format Version 12.00
# Visual Studio Version 16
VisualStudioVersion = 16.0.32228.343
MinimumVisualStudioVersion = 10.0.40219.1
Project("{FAE04EC0-301F-11D3-BF4B-00C04F79EFBC}") = "Entidades", "Entidades\Entidades.csproj", "{4899094C-B1C9-4E5A-AD8F-6C3A17CAD9CD}"
EndProject
Project("{FAE04EC0-301F-11D3-BF4B-00C04F79EFBC}") = "Consola", "Consola\Consola.csproj", "{740EB188-62F1-47A2-9C10-AE7F377D015E}"
EndProject
Global
	GlobalSection(SolutionConfigurationPlatforms) = preSolution
		Debug|Any CPU = Debug|Any CPU
		Release|Any CPU = Release|Any CPU
	EndGlobalSection
	GlobalSection(ProjectConfigurationPlatforms) = postSolution
		{4899094C-B1C9-4E5A-AD8F-6C3A17CAD9CD}.Debug|Any CPU.ActiveCfg = Debug|Any CPU
		{4899094C-B1C9-4E5A-AD8F-6C3A17CAD9CD}.Debug|Any CPU.Build.0 = Debug|Any CPU
		{4899094C-B1C9-4E5A-AD8F-6C3A17CAD9CD}.Release|Any CPU.ActiveCfg = Release|Any CPU
		{4899094C-B1C9-4E5A-AD8F-6C3A17CAD9CD}.Release|Any CPU.Build.0 = Release|Any CPU
		{740EB188-62F1-47A2-9C10-AE7F377D015E}.Debug|Any CPU.ActiveCfg = Debug|Any CPU
		{740EB188-62F1-47A2-9C10-AE7F377D015E}.Debug|Any CPU.Build.0 = Debug|Any CPU
		{740EB188-62F1-47A2-9C10-AE7F377D015E}.Release|Any CPU.ActiveCfg = Release|Any CPU
		{740EB188-62F1-47A2-9C10-AE7F377D015E}.Release|Any CPU.Build.0 = Release|Any CPU
	EndGlobalSection
	GlobalSection(SolutionProperties) = preSolution
		HideSolutionNode = FALSE
	EndGlobalSection
	GlobalSection(ExtensibilityGlobals) = postSolution
		SolutionGuid = {497CBABB-A6D1-41D2-B681-854F81C23344}
	EndGlobalSection
EndGlobal
