
Microsoft Visual Studio Solution File, Format Version 12.00
# Visual Studio Version 16
VisualStudioVersion = 16.0.32228.343
MinimumVisualStudioVersion = 10.0.40219.1
Project("{FAE04EC0-301F-11D3-BF4B-00C04F79EFBC}") = "Entidades", "Entidades\Entidades.csproj", "{14A4155F-30C8-4791-89D6-99BBD6F56708}"
EndProject
Project("{FAE04EC0-301F-11D3-BF4B-00C04F79EFBC}") = "Consola", "Consola\Consola.csproj", "{A1618EA0-8565-4AEB-85B1-EC86400F079D}"
EndProject
Project("{FAE04EC0-301F-11D3-BF4B-00C04F79EFBC}") = "FrmVista", "FrmVista\FrmVista.csproj", "{C06CFA6B-78D7-4E65-AE91-5F3E2C85FAD3}"
EndProject
Global
	GlobalSection(SolutionConfigurationPlatforms) = preSolution
		Debug|Any CPU = Debug|Any CPU
		Release|Any CPU = Release|Any CPU
	EndGlobalSection
	GlobalSection(ProjectConfigurationPlatforms) = postSolution
		{14A4155F-30C8-4791-89D6-99BBD6F56708}.Debug|Any CPU.ActiveCfg = Debug|Any CPU
		{14A4155F-30C8-4791-89D6-99BBD6F56708}.Debug|Any CPU.Build.0 = Debug|Any CPU
		{14A4155F-30C8-4791-89D6-99BBD6F56708}.Release|Any CPU.ActiveCfg = Release|Any CPU
		{14A4155F-30C8-4791-89D6-99BBD6F56708}.Release|Any CPU.Build.0 = Release|Any CPU
		{A1618EA0-8565-4AEB-85B1-EC86400F079D}.Debug|Any CPU.ActiveCfg = Debug|Any CPU
		{A1618EA0-8565-4AEB-85B1-EC86400F079D}.Debug|Any CPU.Build.0 = Debug|Any CPU
		{A1618EA0-8565-4AEB-85B1-EC86400F079D}.Release|Any CPU.ActiveCfg = Release|Any CPU
		{A1618EA0-8565-4AEB-85B1-EC86400F079D}.Release|Any CPU.Build.0 = Release|Any CPU
		{C06CFA6B-78D7-4E65-AE91-5F3E2C85FAD3}.Debug|Any CPU.ActiveCfg = Debug|Any CPU
		{C06CFA6B-78D7-4E65-AE91-5F3E2C85FAD3}.Debug|Any CPU.Build.0 = Debug|Any CPU
		{C06CFA6B-78D7-4E65-AE91-5F3E2C85FAD3}.Release|Any CPU.ActiveCfg = Release|Any CPU
		{C06CFA6B-78D7-4E65-AE91-5F3E2C85FAD3}.Release|Any CPU.Build.0 = Release|Any CPU
	EndGlobalSection
	GlobalSection(SolutionProperties) = preSolution
		HideSolutionNode = FALSE
	EndGlobalSection
	GlobalSection(ExtensibilityGlobals) = postSolution
		SolutionGuid = {0A736B69-EA57-4321-A162-EA4515650FAE}
	EndGlobalSection
EndGlobal
