
Microsoft Visual Studio Solution File, Format Version 12.00
# Visual Studio Version 16
VisualStudioVersion = 16.0.32228.343
MinimumVisualStudioVersion = 10.0.40219.1
Project("{FAE04EC0-301F-11D3-BF4B-00C04F79EFBC}") = "Entidades", "Entidades\Entidades.csproj", "{F98161A3-57C7-42C5-B179-DC22CF70692C}"
EndProject
Project("{FAE04EC0-301F-11D3-BF4B-00C04F79EFBC}") = "Consola", "Consola\Consola.csproj", "{3E7550D7-AF04-49D2-ACEA-7A981B9B54BE}"
EndProject
Global
	GlobalSection(SolutionConfigurationPlatforms) = preSolution
		Debug|Any CPU = Debug|Any CPU
		Release|Any CPU = Release|Any CPU
	EndGlobalSection
	GlobalSection(ProjectConfigurationPlatforms) = postSolution
		{F98161A3-57C7-42C5-B179-DC22CF70692C}.Debug|Any CPU.ActiveCfg = Debug|Any CPU
		{F98161A3-57C7-42C5-B179-DC22CF70692C}.Debug|Any CPU.Build.0 = Debug|Any CPU
		{F98161A3-57C7-42C5-B179-DC22CF70692C}.Release|Any CPU.ActiveCfg = Release|Any CPU
		{F98161A3-57C7-42C5-B179-DC22CF70692C}.Release|Any CPU.Build.0 = Release|Any CPU
		{3E7550D7-AF04-49D2-ACEA-7A981B9B54BE}.Debug|Any CPU.ActiveCfg = Debug|Any CPU
		{3E7550D7-AF04-49D2-ACEA-7A981B9B54BE}.Debug|Any CPU.Build.0 = Debug|Any CPU
		{3E7550D7-AF04-49D2-ACEA-7A981B9B54BE}.Release|Any CPU.ActiveCfg = Release|Any CPU
		{3E7550D7-AF04-49D2-ACEA-7A981B9B54BE}.Release|Any CPU.Build.0 = Release|Any CPU
	EndGlobalSection
	GlobalSection(SolutionProperties) = preSolution
		HideSolutionNode = FALSE
	EndGlobalSection
	GlobalSection(ExtensibilityGlobals) = postSolution
		SolutionGuid = {D9155A81-FDA6-4644-84FC-808BB2FA512E}
	EndGlobalSection
EndGlobal
