
Microsoft Visual Studio Solution File, Format Version 12.00
# Visual Studio Version 16
VisualStudioVersion = 16.0.32228.343
MinimumVisualStudioVersion = 10.0.40219.1
Project("{FAE04EC0-301F-11D3-BF4B-00C04F79EFBC}") = "Consola", "Consola\Consola.csproj", "{24F7972C-9ED3-49AD-9F0D-EC2424A5F09E}"
EndProject
Global
	GlobalSection(SolutionConfigurationPlatforms) = preSolution
		Debug|Any CPU = Debug|Any CPU
		Release|Any CPU = Release|Any CPU
	EndGlobalSection
	GlobalSection(ProjectConfigurationPlatforms) = postSolution
		{24F7972C-9ED3-49AD-9F0D-EC2424A5F09E}.Debug|Any CPU.ActiveCfg = Debug|Any CPU
		{24F7972C-9ED3-49AD-9F0D-EC2424A5F09E}.Debug|Any CPU.Build.0 = Debug|Any CPU
		{24F7972C-9ED3-49AD-9F0D-EC2424A5F09E}.Release|Any CPU.ActiveCfg = Release|Any CPU
		{24F7972C-9ED3-49AD-9F0D-EC2424A5F09E}.Release|Any CPU.Build.0 = Release|Any CPU
	EndGlobalSection
	GlobalSection(SolutionProperties) = preSolution
		HideSolutionNode = FALSE
	EndGlobalSection
	GlobalSection(ExtensibilityGlobals) = postSolution
		SolutionGuid = {64706F5A-1FB4-444F-8858-8068F21A2592}
	EndGlobalSection
EndGlobal
