
Microsoft Visual Studio Solution File, Format Version 12.00
# Visual Studio Version 16
VisualStudioVersion = 16.0.31624.102
MinimumVisualStudioVersion = 10.0.40219.1
Project("{FAE04EC0-301F-11D3-BF4B-00C04F79EFBC}") = "1.-CicloDeVida", "Formularios.2022\1.-CicloDeVida.csproj", "{74F2898D-789B-492C-868B-CC75857933AB}"
EndProject
Project("{FAE04EC0-301F-11D3-BF4B-00C04F79EFBC}") = "2.-Tipos", "2.-Tipos\2.-Tipos.csproj", "{B78BACF5-2AFC-4E2E-AAA9-3B413EB729DA}"
EndProject
Project("{FAE04EC0-301F-11D3-BF4B-00C04F79EFBC}") = "3.-Controles", "3.-Controles\3.-Controles.csproj", "{42558DB3-BC80-4CBA-A5DF-8ABD1AAC8F89}"
EndProject
Global
	GlobalSection(SolutionConfigurationPlatforms) = preSolution
		Debug|Any CPU = Debug|Any CPU
		Release|Any CPU = Release|Any CPU
	EndGlobalSection
	GlobalSection(ProjectConfigurationPlatforms) = postSolution
		{74F2898D-789B-492C-868B-CC75857933AB}.Debug|Any CPU.ActiveCfg = Debug|Any CPU
		{74F2898D-789B-492C-868B-CC75857933AB}.Debug|Any CPU.Build.0 = Debug|Any CPU
		{74F2898D-789B-492C-868B-CC75857933AB}.Release|Any CPU.ActiveCfg = Release|Any CPU
		{74F2898D-789B-492C-868B-CC75857933AB}.Release|Any CPU.Build.0 = Release|Any CPU
		{B78BACF5-2AFC-4E2E-AAA9-3B413EB729DA}.Debug|Any CPU.ActiveCfg = Debug|Any CPU
		{B78BACF5-2AFC-4E2E-AAA9-3B413EB729DA}.Debug|Any CPU.Build.0 = Debug|Any CPU
		{B78BACF5-2AFC-4E2E-AAA9-3B413EB729DA}.Release|Any CPU.ActiveCfg = Release|Any CPU
		{B78BACF5-2AFC-4E2E-AAA9-3B413EB729DA}.Release|Any CPU.Build.0 = Release|Any CPU
		{42558DB3-BC80-4CBA-A5DF-8ABD1AAC8F89}.Debug|Any CPU.ActiveCfg = Debug|Any CPU
		{42558DB3-BC80-4CBA-A5DF-8ABD1AAC8F89}.Debug|Any CPU.Build.0 = Debug|Any CPU
		{42558DB3-BC80-4CBA-A5DF-8ABD1AAC8F89}.Release|Any CPU.ActiveCfg = Release|Any CPU
		{42558DB3-BC80-4CBA-A5DF-8ABD1AAC8F89}.Release|Any CPU.Build.0 = Release|Any CPU
	EndGlobalSection
	GlobalSection(SolutionProperties) = preSolution
		HideSolutionNode = FALSE
	EndGlobalSection
	GlobalSection(ExtensibilityGlobals) = postSolution
		SolutionGuid = {7DE2B3E2-1213-4E92-9251-85AEC763FC8E}
	EndGlobalSection
EndGlobal
