
Microsoft Visual Studio Solution File, Format Version 12.00
# Visual Studio Version 16
VisualStudioVersion = 16.0.31624.102
MinimumVisualStudioVersion = 10.0.40219.1
Project("{FAE04EC0-301F-11D3-BF4B-00C04F79EFBC}") = "Propiedades", "Propiedades\Propiedades.csproj", "{9374216E-7B71-41A3-B4F1-95B24E7A7D33}"
EndProject
Project("{FAE04EC0-301F-11D3-BF4B-00C04F79EFBC}") = "Entidades", "Entidades\Entidades.csproj", "{87757F95-1B2D-4221-8905-F921A649DD79}"
EndProject
Project("{FAE04EC0-301F-11D3-BF4B-00C04F79EFBC}") = "Indexadores", "Indexadores\Indexadores.csproj", "{B4289E32-C35B-4028-A3E6-E7B13D4FE4B3}"
EndProject
Global
	GlobalSection(SolutionConfigurationPlatforms) = preSolution
		Debug|Any CPU = Debug|Any CPU
		Release|Any CPU = Release|Any CPU
	EndGlobalSection
	GlobalSection(ProjectConfigurationPlatforms) = postSolution
		{9374216E-7B71-41A3-B4F1-95B24E7A7D33}.Debug|Any CPU.ActiveCfg = Debug|Any CPU
		{9374216E-7B71-41A3-B4F1-95B24E7A7D33}.Debug|Any CPU.Build.0 = Debug|Any CPU
		{9374216E-7B71-41A3-B4F1-95B24E7A7D33}.Release|Any CPU.ActiveCfg = Release|Any CPU
		{9374216E-7B71-41A3-B4F1-95B24E7A7D33}.Release|Any CPU.Build.0 = Release|Any CPU
		{87757F95-1B2D-4221-8905-F921A649DD79}.Debug|Any CPU.ActiveCfg = Debug|Any CPU
		{87757F95-1B2D-4221-8905-F921A649DD79}.Debug|Any CPU.Build.0 = Debug|Any CPU
		{87757F95-1B2D-4221-8905-F921A649DD79}.Release|Any CPU.ActiveCfg = Release|Any CPU
		{87757F95-1B2D-4221-8905-F921A649DD79}.Release|Any CPU.Build.0 = Release|Any CPU
		{B4289E32-C35B-4028-A3E6-E7B13D4FE4B3}.Debug|Any CPU.ActiveCfg = Debug|Any CPU
		{B4289E32-C35B-4028-A3E6-E7B13D4FE4B3}.Debug|Any CPU.Build.0 = Debug|Any CPU
		{B4289E32-C35B-4028-A3E6-E7B13D4FE4B3}.Release|Any CPU.ActiveCfg = Release|Any CPU
		{B4289E32-C35B-4028-A3E6-E7B13D4FE4B3}.Release|Any CPU.Build.0 = Release|Any CPU
	EndGlobalSection
	GlobalSection(SolutionProperties) = preSolution
		HideSolutionNode = FALSE
	EndGlobalSection
	GlobalSection(ExtensibilityGlobals) = postSolution
		SolutionGuid = {6DC8773C-B4DC-4F17-B2FF-5EC2DFBA6CBA}
	EndGlobalSection
EndGlobal
