
Microsoft Visual Studio Solution File, Format Version 12.00
# Visual Studio Version 16
VisualStudioVersion = 16.0.31624.102
MinimumVisualStudioVersion = 10.0.40219.1
Project("{FAE04EC0-301F-11D3-BF4B-00C04F79EFBC}") = "Biblioteca", "Biblioteca\Biblioteca.csproj", "{56E7A96D-B725-42FB-BBD7-9579984995D8}"
EndProject
Project("{FAE04EC0-301F-11D3-BF4B-00C04F79EFBC}") = "Vista", "Vista\Vista.csproj", "{0E71B42B-2E95-4D64-ABE8-9A0DA9BE80EF}"
EndProject
Global
	GlobalSection(SolutionConfigurationPlatforms) = preSolution
		Debug|Any CPU = Debug|Any CPU
		Release|Any CPU = Release|Any CPU
	EndGlobalSection
	GlobalSection(ProjectConfigurationPlatforms) = postSolution
		{56E7A96D-B725-42FB-BBD7-9579984995D8}.Debug|Any CPU.ActiveCfg = Debug|Any CPU
		{56E7A96D-B725-42FB-BBD7-9579984995D8}.Debug|Any CPU.Build.0 = Debug|Any CPU
		{56E7A96D-B725-42FB-BBD7-9579984995D8}.Release|Any CPU.ActiveCfg = Release|Any CPU
		{56E7A96D-B725-42FB-BBD7-9579984995D8}.Release|Any CPU.Build.0 = Release|Any CPU
		{0E71B42B-2E95-4D64-ABE8-9A0DA9BE80EF}.Debug|Any CPU.ActiveCfg = Debug|Any CPU
		{0E71B42B-2E95-4D64-ABE8-9A0DA9BE80EF}.Debug|Any CPU.Build.0 = Debug|Any CPU
		{0E71B42B-2E95-4D64-ABE8-9A0DA9BE80EF}.Release|Any CPU.ActiveCfg = Release|Any CPU
		{0E71B42B-2E95-4D64-ABE8-9A0DA9BE80EF}.Release|Any CPU.Build.0 = Release|Any CPU
	EndGlobalSection
	GlobalSection(SolutionProperties) = preSolution
		HideSolutionNode = FALSE
	EndGlobalSection
	GlobalSection(ExtensibilityGlobals) = postSolution
		SolutionGuid = {B289AAFE-17FA-4F67-80E6-E5340BFC8653}
	EndGlobalSection
EndGlobal
